
Microsoft Visual Studio Solution File, Format Version 12.00
# Visual Studio Version 17
VisualStudioVersion = 17.1.32328.378
MinimumVisualStudioVersion = 10.0.40219.1
Project("{FAE04EC0-301F-11D3-BF4B-00C04F79EFBC}") = "WinFormsApp1", "WinFormsApp1\WinFormsApp1.csproj", "{318E8513-0553-4EFB-A875-82ED5416D552}"
EndProject
Global
	GlobalSection(SolutionConfigurationPlatforms) = preSolution
		Debug|Any CPU = Debug|Any CPU
		Release|Any CPU = Release|Any CPU
	EndGlobalSection
	GlobalSection(ProjectConfigurationPlatforms) = postSolution
		{318E8513-0553-4EFB-A875-82ED5416D552}.Debug|Any CPU.ActiveCfg = Debug|Any CPU
		{318E8513-0553-4EFB-A875-82ED5416D552}.Debug|Any CPU.Build.0 = Debug|Any CPU
		{318E8513-0553-4EFB-A875-82ED5416D552}.Release|Any CPU.ActiveCfg = Release|Any CPU
		{318E8513-0553-4EFB-A875-82ED5416D552}.Release|Any CPU.Build.0 = Release|Any CPU
	EndGlobalSection
	GlobalSection(SolutionProperties) = preSolution
		HideSolutionNode = FALSE
	EndGlobalSection
	GlobalSection(ExtensibilityGlobals) = postSolution
		SolutionGuid = {1251A7B0-A304-43FB-90C5-32E410D9BBCF}
	EndGlobalSection
EndGlobal
